
Microsoft Visual Studio Solution File, Format Version 12.00
# Visual Studio Version 17
VisualStudioVersion = 17.13.35919.96 d17.13
MinimumVisualStudioVersion = 10.0.40219.1
Project("{8BC9CEB8-8B4A-11D0-8D11-00A0C91BC942}") = "MT2", "MT2.vcxproj", "{4032A800-E743-4DCF-BB7E-86FF274F8A61}"
EndProject
Global
	GlobalSection(SolutionConfigurationPlatforms) = preSolution
		Debug|x64 = Debug|x64
		Release|x64 = Release|x64
	EndGlobalSection
	GlobalSection(ProjectConfigurationPlatforms) = postSolution
		{4032A800-E743-4DCF-BB7E-86FF274F8A61}.Debug|x64.ActiveCfg = Debug|x64
		{4032A800-E743-4DCF-BB7E-86FF274F8A61}.Debug|x64.Build.0 = Debug|x64
		{4032A800-E743-4DCF-BB7E-86FF274F8A61}.Release|x64.ActiveCfg = Release|x64
		{4032A800-E743-4DCF-BB7E-86FF274F8A61}.Release|x64.Build.0 = Release|x64
	EndGlobalSection
	GlobalSection(SolutionProperties) = preSolution
		HideSolutionNode = FALSE
	EndGlobalSection
	GlobalSection(ExtensibilityGlobals) = postSolution
		SolutionGuid = {31DB252A-D776-4DBE-99EE-75297769BB32}
	EndGlobalSection
EndGlobal
